
Microsoft Visual Studio Solution File, Format Version 12.00
# Visual Studio 15
VisualStudioVersion = 15.0.28010.2050
MinimumVisualStudioVersion = 10.0.40219.1
Project("{9A19103F-16F7-4668-BE54-9A1E7A4F7556}") = "MepAirlines.BusinessLogic", "MepAirlines.BusinessLogic\MepAirlines.BusinessLogic.csproj", "{B767F0A2-6A9C-400B-A79A-9C2ABBDD92EB}"
EndProject
Project("{FAE04EC0-301F-11D3-BF4B-00C04F79EFBC}") = "MepAirlines.ConsoleUi", "MepAirlines.ConsoleUi\MepAirlines.ConsoleUi.csproj", "{FBDB8FE9-ECA6-4986-8AA5-7959E644A5B8}"
EndProject
Project("{FAE04EC0-301F-11D3-BF4B-00C04F79EFBC}") = "MepAirlines.DataAccess", "MepAirlines.DataAccess\MepAirlines.DataAccess.csproj", "{7DECC987-9DF3-4522-BBB5-898596ED7A1C}"
EndProject
Global
	GlobalSection(SolutionConfigurationPlatforms) = preSolution
		Debug|Any CPU = Debug|Any CPU
		Release|Any CPU = Release|Any CPU
	EndGlobalSection
	GlobalSection(ProjectConfigurationPlatforms) = postSolution
		{B767F0A2-6A9C-400B-A79A-9C2ABBDD92EB}.Debug|Any CPU.ActiveCfg = Debug|Any CPU
		{B767F0A2-6A9C-400B-A79A-9C2ABBDD92EB}.Debug|Any CPU.Build.0 = Debug|Any CPU
		{B767F0A2-6A9C-400B-A79A-9C2ABBDD92EB}.Release|Any CPU.ActiveCfg = Release|Any CPU
		{B767F0A2-6A9C-400B-A79A-9C2ABBDD92EB}.Release|Any CPU.Build.0 = Release|Any CPU
		{FBDB8FE9-ECA6-4986-8AA5-7959E644A5B8}.Debug|Any CPU.ActiveCfg = Debug|Any CPU
		{FBDB8FE9-ECA6-4986-8AA5-7959E644A5B8}.Debug|Any CPU.Build.0 = Debug|Any CPU
		{FBDB8FE9-ECA6-4986-8AA5-7959E644A5B8}.Release|Any CPU.ActiveCfg = Release|Any CPU
		{FBDB8FE9-ECA6-4986-8AA5-7959E644A5B8}.Release|Any CPU.Build.0 = Release|Any CPU
		{7DECC987-9DF3-4522-BBB5-898596ED7A1C}.Debug|Any CPU.ActiveCfg = Debug|Any CPU
		{7DECC987-9DF3-4522-BBB5-898596ED7A1C}.Debug|Any CPU.Build.0 = Debug|Any CPU
		{7DECC987-9DF3-4522-BBB5-898596ED7A1C}.Release|Any CPU.ActiveCfg = Release|Any CPU
		{7DECC987-9DF3-4522-BBB5-898596ED7A1C}.Release|Any CPU.Build.0 = Release|Any CPU
	EndGlobalSection
	GlobalSection(SolutionProperties) = preSolution
		HideSolutionNode = FALSE
	EndGlobalSection
	GlobalSection(ExtensibilityGlobals) = postSolution
		SolutionGuid = {E1F5C58B-3871-4DE5-8D66-FFB49C32973B}
	EndGlobalSection
EndGlobal
